
Microsoft Visual Studio Solution File, Format Version 12.00
# Visual Studio Version 17
VisualStudioVersion = 17.3.32922.545
MinimumVisualStudioVersion = 10.0.40219.1
Project("{FAE04EC0-301F-11D3-BF4B-00C04F79EFBC}") = "Digital Clock", "Digital Clock.csproj", "{BE2E0DC1-F582-42A9-8599-C550C2B58758}"
EndProject
Global
	GlobalSection(SolutionConfigurationPlatforms) = preSolution
		Debug|Any CPU = Debug|Any CPU
		Release|Any CPU = Release|Any CPU
	EndGlobalSection
	GlobalSection(ProjectConfigurationPlatforms) = postSolution
		{BE2E0DC1-F582-42A9-8599-C550C2B58758}.Debug|Any CPU.ActiveCfg = Debug|Any CPU
		{BE2E0DC1-F582-42A9-8599-C550C2B58758}.Debug|Any CPU.Build.0 = Debug|Any CPU
		{BE2E0DC1-F582-42A9-8599-C550C2B58758}.Release|Any CPU.ActiveCfg = Release|Any CPU
		{BE2E0DC1-F582-42A9-8599-C550C2B58758}.Release|Any CPU.Build.0 = Release|Any CPU
	EndGlobalSection
	GlobalSection(SolutionProperties) = preSolution
		HideSolutionNode = FALSE
	EndGlobalSection
	GlobalSection(ExtensibilityGlobals) = postSolution
		SolutionGuid = {1D638EA9-234A-49B8-A2B9-4081EF49873C}
	EndGlobalSection
EndGlobal
